<?xml version="1.0" encoding="utf-8"?>
<Project ToolsVersion="4.0" xmlns="http://schemas.microsoft.com/developer/msbuild/2003">
  <ItemGroup>
    <Filter Include="Source Files">
      <UniqueIdentifier>{4FC737F1-C7A5-4376-A066-2A32D752A2FF}</UniqueIdentifier>
      <Extensions>cpp;c;cc;cxx;c++;cppm;ixx;def;odl;idl;hpj;bat;asm;asmx</Extensions>
    </Filter>
    <Filter Include="Header Files">
      <UniqueIdentifier>{93995380-89BD-4b04-88EB-625FBE52EBFB}</UniqueIdentifier>
      <Extensions>h;hh;hpp;hxx;h++;hm;inl;inc;ipp;xsd</Extensions>
    </Filter>
    <Filter Include="Resource Files">
      <UniqueIdentifier>{67DA6AB6-F800-4c08-8B7A-83BB121AAD01}</UniqueIdentifier>
      <Extensions>rc;ico;cur;bmp;dlg;rc2;rct;bin;rgs;gif;jpg;jpeg;jpe;resx;tiff;tif;png;wav;mfcribbon-ms</Extensions>
    </Filter>
    <Filter Include="Header Files\Interpreter">
      <UniqueIdentifier>{1c45c933-8570-4488-bce1-66f01b3edb2d}</UniqueIdentifier>
    </Filter>
    <Filter Include="Header Files\Table Interpreter">
      <UniqueIdentifier>{dc622044-0949-46eb-8965-1148fadae179}</UniqueIdentifier>
    </Filter>
    <Filter Include="Header Files\Lexer">
      <UniqueIdentifier>{20af1764-bd7d-4b40-8e56-1e1f11a06be8}</UniqueIdentifier>
    </Filter>
    <Filter Include="Source Files\Lexer">
      <UniqueIdentifier>{f1cf74f7-05bc-4078-adf6-559537026950}</UniqueIdentifier>
    </Filter>
    <Filter Include="Header Files\Parser">
      <UniqueIdentifier>{c90dbcf7-5d27-404b-9a31-cfc585c4422e}</UniqueIdentifier>
    </Filter>
    <Filter Include="Header Files\AST">
      <UniqueIdentifier>{44246233-339d-448f-860e-a2f5b066291a}</UniqueIdentifier>
    </Filter>
    <Filter Include="Source Files\Parser">
      <UniqueIdentifier>{3be1ab9f-2a8a-41c8-9c89-79baf1fb7d2c}</UniqueIdentifier>
    </Filter>
  </ItemGroup>
  <ItemGroup>
    <ClCompile Include="ProjectSDP.cpp">
      <Filter>Source Files</Filter>
    </ClCompile>
    <ClCompile Include="Lexer.cpp">
      <Filter>Source Files\Lexer</Filter>
    </ClCompile>
  </ItemGroup>
  <ItemGroup>
    <ClInclude Include="ProjectTable.h">
      <Filter>Header Files\Table Interpreter</Filter>
    </ClInclude>
    <ClInclude Include="Visitor_Base.h">
      <Filter>Header Files\Interpreter</Filter>
    </ClInclude>
    <ClInclude Include="TokenType.h">
      <Filter>Header Files\Lexer</Filter>
    </ClInclude>
    <ClInclude Include="Token.h">
      <Filter>Header Files\Lexer</Filter>
    </ClInclude>
    <ClInclude Include="Lexer.h">
      <Filter>Header Files\Lexer</Filter>
    </ClInclude>
    <ClInclude Include="AST_Nodes.h">
      <Filter>Header Files\AST</Filter>
    </ClInclude>
    <ClInclude Include="AST.h">
      <Filter>Header Files\AST</Filter>
    </ClInclude>
  </ItemGroup>
  <ItemGroup>
    <Text Include="test1.txt">
      <Filter>Resource Files</Filter>
    </Text>
  </ItemGroup>
</Project>